
Microsoft Visual Studio Solution File, Format Version 12.00
# Visual Studio Version 16
VisualStudioVersion = 16.0.30114.105
MinimumVisualStudioVersion = 10.0.40219.1
Project("{FAE04EC0-301F-11D3-BF4B-00C04F79EFBC}") = "prueba1", "prueba1\prueba1.csproj", "{83811729-26B4-4D4E-96BD-B312FDB6F944}"
EndProject
Global
	GlobalSection(SolutionConfigurationPlatforms) = preSolution
		Debug|Any CPU = Debug|Any CPU
		Release|Any CPU = Release|Any CPU
	EndGlobalSection
	GlobalSection(ProjectConfigurationPlatforms) = postSolution
		{83811729-26B4-4D4E-96BD-B312FDB6F944}.Debug|Any CPU.ActiveCfg = Debug|Any CPU
		{83811729-26B4-4D4E-96BD-B312FDB6F944}.Debug|Any CPU.Build.0 = Debug|Any CPU
		{83811729-26B4-4D4E-96BD-B312FDB6F944}.Release|Any CPU.ActiveCfg = Release|Any CPU
		{83811729-26B4-4D4E-96BD-B312FDB6F944}.Release|Any CPU.Build.0 = Release|Any CPU
	EndGlobalSection
	GlobalSection(SolutionProperties) = preSolution
		HideSolutionNode = FALSE
	EndGlobalSection
	GlobalSection(ExtensibilityGlobals) = postSolution
		SolutionGuid = {582A1005-A490-432D-889D-52F568C146A1}
	EndGlobalSection
EndGlobal
